// !$*UTF8*$!
{
	archiveVersion = 1;
	classes = {
	};
	objectVersion = 77;
	objects = {

/* Begin PBXContainerItemProxy section */
		957329F293EE44649C4DB87E /* PBXContainerItemProxy */ = {
			isa = PBXContainerItemProxy;
			containerPortal = C035197182684688B72AFEB0 /* Project object */;
			proxyType = 1;
			remoteGlobalIDString = 8DD92FCBD438429D94FD0E90;
			remoteInfo = ide;
		};
/* End PBXContainerItemProxy section */
/* Begin PBXTargetDependency section */
		52E820C26457494FAB6CDB5A /* PBXTargetDependency */ = {
			isa = PBXTargetDependency;
			target = 8DD92FCBD438429D94FD0E90 /* ide */;
			targetProxy = 957329F293EE44649C4DB87E /* PBXContainerItemProxy */;
		};
/* End PBXTargetDependency section */
/* Begin PBXFileReference section */
		EC9D880737EB4B588A9B7BD0 /* ide.app */ = {isa = PBXFileReference; explicitFileType = wrapper.application; includeInIndex = 0; path = ide.app; sourceTree = BUILT_PRODUCTS_DIR; };
		93F8265B28D0465CB5BDED43 /* ideTests.xctest */ = {isa = PBXFileReference; explicitFileType = wrapper.cfbundle; includeInIndex = 0; path = ideTests.xctest; sourceTree = BUILT_PRODUCTS_DIR; };
/* End PBXFileReference section */

/* Begin PBXFileSystemSynchronizedRootGroup section */
		04956D797084401C9C0F229A /* ide */ = {isa = PBXFileSystemSynchronizedRootGroup; explicitFileTypes = {}; explicitFolders = (); path = ide; sourceTree = "<group>"; };
		1FD1E02DDC7E4705BEC804D0 /* ideTests */ = {isa = PBXFileSystemSynchronizedRootGroup; explicitFileTypes = {}; explicitFolders = (); path = ideTests; sourceTree = "<group>"; };
/* End PBXFileSystemSynchronizedRootGroup section */

/* Begin PBXFrameworksBuildPhase section */
		0FBB6AC3499B4B35A0474A21 /* Frameworks */ = {
			isa = PBXFrameworksBuildPhase;
			buildActionMask = 2147483647;
			files = (
			);
			runOnlyForDeploymentPostprocessing = 0;
		};
/* End PBXFrameworksBuildPhase section */

/* Begin PBXGroup section */
		4584548A6C4F4EB59629ABA8 = {
			isa = PBXGroup;
			children = (
				04956D797084401C9C0F229A /* ide */,
				1FD1E02DDC7E4705BEC804D0 /* ideTests */,
				043E63AA0EAC47D8B2F6A18F /* Products */,
			);
			sourceTree = "<group>";
		};
		043E63AA0EAC47D8B2F6A18F /* Products */ = {
			isa = PBXGroup;
			children = (
				EC9D880737EB4B588A9B7BD0 /* ide.app */,
				93F8265B28D0465CB5BDED43 /* ideTests.xctest */,
			);
			name = Products;
			sourceTree = "<group>";
		};
/* End PBXGroup section */

/* Begin PBXNativeTarget section */
		8DD92FCBD438429D94FD0E90 /* ide */ = {
			isa = PBXNativeTarget;
			buildConfigurationList = 8ACB8F72D888445CA0F12030 /* Build configuration list for PBXNativeTarget "ide" */;
			buildPhases = (
				6E20DB44E5B54E9BB94F01EB /* Sources */,
				0FBB6AC3499B4B35A0474A21 /* Frameworks */,
				390F530446AC4F3FB1ED9802 /* Resources */,
			);
			buildRules = (
			);
			dependencies = (
			);
			fileSystemSynchronizedGroups = (
				04956D797084401C9C0F229A /* ide */,
			);
			name = ide;
			productName = ide;
			productReference = EC9D880737EB4B588A9B7BD0 /* ide.app */;
			productType = "com.apple.product-type.application";
		};
		110CD61D598547BAB5AE6A7F /* ideTests */ = {
			isa = PBXNativeTarget;
			buildConfigurationList = A4E0C279CD2546AE958ED7CD /* Build configuration list for PBXNativeTarget "ideTests" */;
			buildPhases = (
				45FC6BF34B564A2085F4F097 /* Sources */,
			);
			buildRules = (
			);
			dependencies = (
				52E820C26457494FAB6CDB5A /* PBXTargetDependency */,
			);
			fileSystemSynchronizedGroups = (
				1FD1E02DDC7E4705BEC804D0 /* ideTests */,
			);
			name = ideTests;
			productName = ideTests;
			productReference = 93F8265B28D0465CB5BDED43 /* ideTests.xctest */;
			productType = "com.apple.product-type.bundle.unit-test";
		};
/* End PBXNativeTarget section */

/* Begin PBXProject section */
		C035197182684688B72AFEB0 /* Project object */ = {
			isa = PBXProject;
			attributes = {
				BuildIndependentTargetsInParallel = 1;
				LastSwiftUpdateCheck = 1600;
				LastUpgradeCheck = 1600;
				TargetAttributes = {
					8DD92FCBD438429D94FD0E90 = {
						CreatedOnToolsVersion = 16.0;
					};
					110CD61D598547BAB5AE6A7F = {
						CreatedOnToolsVersion = 16.0;
						TestTargetID = 8DD92FCBD438429D94FD0E90;
					};
				};
			};
			buildConfigurationList = 96CF2A8441954079840E8AF3 /* Build configuration list for PBXProject "ide" */;
			developmentRegion = en;
			hasScannedForEncodings = 0;
			knownRegions = (
				en,
				Base,
			);
			mainGroup = 4584548A6C4F4EB59629ABA8;
			minimizedProjectReferenceProxies = 1;
			preferredProjectObjectVersion = 77;
			productRefGroup = 043E63AA0EAC47D8B2F6A18F /* Products */;
			projectDirPath = "";
			projectRoot = "";
			targets = (
				8DD92FCBD438429D94FD0E90 /* ide */,
				110CD61D598547BAB5AE6A7F /* ideTests */,
			);
		};
/* End PBXProject section */

/* Begin PBXResourcesBuildPhase section */
		390F530446AC4F3FB1ED9802 /* Resources */ = {
			isa = PBXResourcesBuildPhase;
			buildActionMask = 2147483647;
			files = (
			);
			runOnlyForDeploymentPostprocessing = 0;
		};
/* End PBXResourcesBuildPhase section */

/* Begin PBXSourcesBuildPhase section */
		6E20DB44E5B54E9BB94F01EB /* Sources */ = {
			isa = PBXSourcesBuildPhase;
			buildActionMask = 2147483647;
			files = (
			);
			runOnlyForDeploymentPostprocessing = 0;
		};
		45FC6BF34B564A2085F4F097 /* Sources */ = {
			isa = PBXSourcesBuildPhase;
			buildActionMask = 2147483647;
			files = (
			);
			runOnlyForDeploymentPostprocessing = 0;
		};
/* End PBXSourcesBuildPhase section */

/* Begin XCBuildConfiguration section */
		F3DB2D554E6B496FB69A298C /* Debug */ = {
			isa = XCBuildConfiguration;
			buildSettings = {
				ALWAYS_SEARCH_USER_PATHS = NO;
				ASSETCATALOG_COMPILER_GENERATE_SWIFT_ASSET_SYMBOL_EXTENSIONS = YES;
				CLANG_ANALYZER_NONNULL = YES;
				CLANG_ANALYZER_NUMBER_OBJECT_CONVERSION = YES_AGGRESSIVE;
				CLANG_ENABLE_MODULES = YES;
				CLANG_ENABLE_OBJC_ARC = YES;
				CLANG_ENABLE_OBJC_WEAK = YES;
				COPY_PHASE_STRIP = NO;
				DEBUG_INFORMATION_FORMAT = dwarf;
				ENABLE_STRICT_OBJC_MSGSEND = YES;
				ENABLE_TESTABILITY = YES;
				ENABLE_USER_SCRIPT_SANDBOXING = YES;
				GCC_C_LANGUAGE_STANDARD = gnu17;
				GCC_DYNAMIC_NO_PIC = NO;
				GCC_NO_COMMON_BLOCKS = YES;
				GCC_OPTIMIZATION_LEVEL = 0;
				GCC_PREPROCESSOR_DEFINITIONS = (
					"DEBUG=1",
					"$(inherited)",
				);
				MACOSX_DEPLOYMENT_TARGET = 14.0;
				MTL_ENABLE_DEBUG_INFO = INCLUDE_SOURCE;
				MTL_FAST_MATH = YES;
				ONLY_ACTIVE_ARCH = YES;
				SDKROOT = macosx;
				SWIFT_ACTIVE_COMPILATION_CONDITIONS = "DEBUG $(inherited)";
				SWIFT_OPTIMIZATION_LEVEL = "-Onone";
			};
			name = Debug;
		};
		0FD53B1559D8491AB0A4CD9A /* Release */ = {
			isa = XCBuildConfiguration;
			buildSettings = {
				ALWAYS_SEARCH_USER_PATHS = NO;
				ASSETCATALOG_COMPILER_GENERATE_SWIFT_ASSET_SYMBOL_EXTENSIONS = YES;
				CLANG_ANALYZER_NONNULL = YES;
				CLANG_ANALYZER_NUMBER_OBJECT_CONVERSION = YES_AGGRESSIVE;
				CLANG_ENABLE_MODULES = YES;
				CLANG_ENABLE_OBJC_ARC = YES;
				CLANG_ENABLE_OBJC_WEAK = YES;
				COPY_PHASE_STRIP = NO;
				DEBUG_INFORMATION_FORMAT = "dwarf-with-dsym";
				ENABLE_NS_ASSERTIONS = NO;
				ENABLE_STRICT_OBJC_MSGSEND = YES;
				ENABLE_USER_SCRIPT_SANDBOXING = YES;
				GCC_C_LANGUAGE_STANDARD = gnu17;
				GCC_NO_COMMON_BLOCKS = YES;
				MACOSX_DEPLOYMENT_TARGET = 14.0;
				MTL_ENABLE_DEBUG_INFO = NO;
				MTL_FAST_MATH = YES;
				SDKROOT = macosx;
				SWIFT_COMPILATION_MODE = wholemodule;
				VALIDATE_PRODUCT = YES;
			};
			name = Release;
		};
		9940D0E73B2B4AB9B91E2DFC /* Debug */ = {
			isa = XCBuildConfiguration;
			buildSettings = {
				ASSETCATALOG_COMPILER_APPICON_NAME = AppIcon;
				ASSETCATALOG_COMPILER_GLOBAL_ACCENT_COLOR_NAME = AccentColor;
				CODE_SIGN_STYLE = Automatic;
				CURRENT_PROJECT_VERSION = 1;
				DEVELOPMENT_ASSET_PATHS = "\"ide/Preview Content\"";
				ENABLE_PREVIEWS = YES;
				GENERATE_INFOPLIST_FILE = YES;
				INFOPLIST_KEY_UIApplicationSceneManifest_Generation = YES;
				INFOPLIST_KEY_UIApplicationSupportsIndirectInputEvents = YES;
				INFOPLIST_KEY_UILaunchScreen_Generation = YES;
				INFOPLIST_KEY_UISupportedInterfaceOrientations_iPad = "UIInterfaceOrientationPortrait UIInterfaceOrientationPortraitUpsideDown UIInterfaceOrientationLandscapeLeft UIInterfaceOrientationLandscapeRight";
				INFOPLIST_KEY_UISupportedInterfaceOrientations_iPhone = "UIInterfaceOrientationPortrait UIInterfaceOrientationLandscapeLeft UIInterfaceOrientationLandscapeRight";
				LD_RUNPATH_SEARCH_PATHS = (
					"$(inherited)",
					"@executable_path/Frameworks",
				);
				MARKETING_VERSION = 1.0;
				PRODUCT_BUNDLE_IDENTIFIER = com.example.ide;
				PRODUCT_NAME = "$(TARGET_NAME)";
				SUPPORTED_PLATFORMS = macosx;
				SWIFT_EMIT_LOC_STRINGS = YES;
				SWIFT_VERSION = 5.0;
				TARGETED_DEVICE_FAMILY = "";
			};
			name = Debug;
		};
		26D06D85AD24425DB4EF9424 /* Release */ = {
			isa = XCBuildConfiguration;
			buildSettings = {
				ASSETCATALOG_COMPILER_APPICON_NAME = AppIcon;
				ASSETCATALOG_COMPILER_GLOBAL_ACCENT_COLOR_NAME = AccentColor;
				CODE_SIGN_STYLE = Automatic;
				CURRENT_PROJECT_VERSION = 1;
				DEVELOPMENT_ASSET_PATHS = "\"ide/Preview Content\"";
				ENABLE_PREVIEWS = YES;
				GENERATE_INFOPLIST_FILE = YES;
				INFOPLIST_KEY_UIApplicationSceneManifest_Generation = YES;
				INFOPLIST_KEY_UIApplicationSupportsIndirectInputEvents = YES;
				INFOPLIST_KEY_UILaunchScreen_Generation = YES;
				INFOPLIST_KEY_UISupportedInterfaceOrientations_iPad = "UIInterfaceOrientationPortrait UIInterfaceOrientationPortraitUpsideDown UIInterfaceOrientationLandscapeLeft UIInterfaceOrientationLandscapeRight";
				INFOPLIST_KEY_UISupportedInterfaceOrientations_iPhone = "UIInterfaceOrientationPortrait UIInterfaceOrientationLandscapeLeft UIInterfaceOrientationLandscapeRight";
				LD_RUNPATH_SEARCH_PATHS = (
					"$(inherited)",
					"@executable_path/Frameworks",
				);
				MARKETING_VERSION = 1.0;
				PRODUCT_BUNDLE_IDENTIFIER = com.example.ide;
				PRODUCT_NAME = "$(TARGET_NAME)";
				SUPPORTED_PLATFORMS = macosx;
				SWIFT_EMIT_LOC_STRINGS = YES;
				SWIFT_VERSION = 5.0;
				TARGETED_DEVICE_FAMILY = "";
			};
			name = Release;
		};
		732874A4B2514C53B48A13D9 /* Debug */ = {
			isa = XCBuildConfiguration;
			buildSettings = {
				BUNDLE_LOADER = "$(TEST_HOST)";
				CODE_SIGN_STYLE = Automatic;
				CURRENT_PROJECT_VERSION = 1;
				GENERATE_INFOPLIST_FILE = YES;
				MARKETING_VERSION = 1.0;
				PRODUCT_BUNDLE_IDENTIFIER = com.example.ideTests;
				PRODUCT_NAME = "$(TARGET_NAME)";
				SWIFT_EMIT_LOC_STRINGS = NO;
				SWIFT_VERSION = 5.0;
				TEST_HOST = "$(BUILT_PRODUCTS_DIR)/ide.app/$(BUNDLE_EXECUTABLE_FOLDER_PATH)/ide";
			};
			name = Debug;
		};
		37B07766B3F34DDABF96436C /* Release */ = {
			isa = XCBuildConfiguration;
			buildSettings = {
				BUNDLE_LOADER = "$(TEST_HOST)";
				CODE_SIGN_STYLE = Automatic;
				CURRENT_PROJECT_VERSION = 1;
				GENERATE_INFOPLIST_FILE = YES;
				MARKETING_VERSION = 1.0;
				PRODUCT_BUNDLE_IDENTIFIER = com.example.ideTests;
				PRODUCT_NAME = "$(TARGET_NAME)";
				SWIFT_EMIT_LOC_STRINGS = NO;
				SWIFT_VERSION = 5.0;
				TEST_HOST = "$(BUILT_PRODUCTS_DIR)/ide.app/$(BUNDLE_EXECUTABLE_FOLDER_PATH)/ide";
			};
			name = Release;
		};
/* End XCBuildConfiguration section */

/* Begin XCConfigurationList section */
		96CF2A8441954079840E8AF3 /* Build configuration list for PBXProject "ide" */ = {
			isa = XCConfigurationList;
			buildConfigurations = (
				F3DB2D554E6B496FB69A298C /* Debug */,
				0FD53B1559D8491AB0A4CD9A /* Release */,
			);
			defaultConfigurationIsVisible = 0;
			defaultConfigurationName = Release;
		};
		8ACB8F72D888445CA0F12030 /* Build configuration list for PBXNativeTarget "ide" */ = {
			isa = XCConfigurationList;
			buildConfigurations = (
				9940D0E73B2B4AB9B91E2DFC /* Debug */,
				26D06D85AD24425DB4EF9424 /* Release */,
			);
			defaultConfigurationIsVisible = 0;
			defaultConfigurationName = Release;
		};
		A4E0C279CD2546AE958ED7CD /* Build configuration list for PBXNativeTarget "ideTests" */ = {
			isa = XCConfigurationList;
			buildConfigurations = (
				732874A4B2514C53B48A13D9 /* Debug */,
				37B07766B3F34DDABF96436C /* Release */,
			);
			defaultConfigurationIsVisible = 0;
			defaultConfigurationName = Release;
		};
/* End XCConfigurationList section */
	};
	rootObject = C035197182684688B72AFEB0 /* Project object */;
}